
Microsoft Visual Studio Solution File, Format Version 12.00
# Visual Studio Version 16
VisualStudioVersion = 25.0.1706.4
MinimumVisualStudioVersion = 10.0.40219.1
Project("{FAE04EC0-301F-11D3-BF4B-00C04F79EFBC}") = "AutomacaoERP.API", "AutomacaoERP.API\AutomacaoERP.API.csproj", "{A7CC9647-3B9A-48B8-B9E1-A1C38404D862}"
EndProject
Global
	GlobalSection(SolutionConfigurationPlatforms) = preSolution
		Debug|Any CPU = Debug|Any CPU
		Release|Any CPU = Release|Any CPU
	EndGlobalSection
	GlobalSection(ProjectConfigurationPlatforms) = postSolution
		{A7CC9647-3B9A-48B8-B9E1-A1C38404D862}.Debug|Any CPU.ActiveCfg = Debug|Any CPU
		{A7CC9647-3B9A-48B8-B9E1-A1C38404D862}.Debug|Any CPU.Build.0 = Debug|Any CPU
		{A7CC9647-3B9A-48B8-B9E1-A1C38404D862}.Release|Any CPU.ActiveCfg = Release|Any CPU
		{A7CC9647-3B9A-48B8-B9E1-A1C38404D862}.Release|Any CPU.Build.0 = Release|Any CPU
	EndGlobalSection
	GlobalSection(SolutionProperties) = preSolution
		HideSolutionNode = FALSE
	EndGlobalSection
	GlobalSection(ExtensibilityGlobals) = postSolution
		SolutionGuid = {FBFD082F-53D6-4B66-BE46-535806CB1C51}
	EndGlobalSection
EndGlobal
